<?xml version="1.0" encoding="utf-8"?>
<Project ToolsVersion="4.0" xmlns="http://schemas.microsoft.com/developer/msbuild/2003">
  <ItemGroup>
    <Filter Include="Source Files">
      <UniqueIdentifier>{4FC737F1-C7A5-4376-A066-2A32D752A2FF}</UniqueIdentifier>
      <Extensions>cpp;c;cc;cxx;c++;cppm;ixx;def;odl;idl;hpj;bat;asm;asmx</Extensions>
    </Filter>
    <Filter Include="Header Files">
      <UniqueIdentifier>{93995380-89BD-4b04-88EB-625FBE52EBFB}</UniqueIdentifier>
      <Extensions>h;hh;hpp;hxx;h++;hm;inl;inc;ipp;xsd</Extensions>
    </Filter>
    <Filter Include="Resource Files">
      <UniqueIdentifier>{67DA6AB6-F800-4c08-8B7A-83BB121AAD01}</UniqueIdentifier>
      <Extensions>rc;ico;cur;bmp;dlg;rc2;rct;bin;rgs;gif;jpg;jpeg;jpe;resx;tiff;tif;png;wav;mfcribbon-ms</Extensions>
    </Filter>
  </ItemGroup>
  <ItemGroup>
    <ClCompile Include="TrainingBCI.cpp">
      <Filter>Source Files</Filter>
    </ClCompile>
  </ItemGroup>
  <ItemGroup>
    <Text Include="data\takeoff\OpenBCISession_2023-09-22_14-09-26e\OpenBCI-RAW-2023-09-22_16-57-27.txt" />
    <Text Include="data\backward\OpenBCISession_2023-09-29_16-16-02\OpenBCI-RAW-2023-09-29_16-44-15.txt" />
    <Text Include="data\backward\OpenBCISession_2023-09-29_16-16-02\OpenBCI-RAW-2023-09-29_16-44-35.txt" />
    <Text Include="data\backward\OpenBCISession_2023-09-29_16-16-02\OpenBCI-RAW-2023-09-29_16-44-57.txt" />
    <Text Include="data\backward\OpenBCISession_2023-09-29_16-16-02\OpenBCI-RAW-2023-09-29_16-45-18.txt" />
    <Text Include="data\backward\OpenBCISession_2023-09-29_16-16-02\OpenBCI-RAW-2023-09-29_16-45-38.txt" />
    <Text Include="data\backward\OpenBCISession_2023-09-29_16-16-02\OpenBCI-RAW-2023-09-29_16-45-57.txt" />
    <Text Include="data\backward\OpenBCISession_2023-09-29_16-16-02\OpenBCI-RAW-2023-09-29_16-46-18.txt" />
    <Text Include="data\backward\OpenBCISession_2023-09-29_16-16-02\OpenBCI-RAW-2023-09-29_16-46-39.txt" />
    <Text Include="data\backward\OpenBCISession_2023-09-29_16-16-02\OpenBCI-RAW-2023-09-29_16-47-00.txt" />
    <Text Include="data\backward\OpenBCISession_2023-09-29_16-16-02\OpenBCI-RAW-2023-09-29_16-47-20.txt" />
    <Text Include="data\backward\OpenBCISession_2023-09-29_17-54-09\OpenBCI-RAW-2023-09-29_18-23-52.txt" />
    <Text Include="data\backward\OpenBCISession_2023-09-29_17-54-09\OpenBCI-RAW-2023-09-29_18-24-08.txt" />
    <Text Include="data\backward\OpenBCISession_2023-09-29_17-54-09\OpenBCI-RAW-2023-09-29_18-24-25.txt" />
    <Text Include="data\backward\OpenBCISession_2023-09-29_17-54-09\OpenBCI-RAW-2023-09-29_18-24-41.txt" />
    <Text Include="data\backward\OpenBCISession_2023-09-29_17-54-09\OpenBCI-RAW-2023-09-29_18-24-57.txt" />
    <Text Include="data\backward\OpenBCISession_2023-09-29_17-54-09\OpenBCI-RAW-2023-09-29_18-25-14.txt" />
    <Text Include="data\backward\OpenBCISession_2023-09-29_17-54-09\OpenBCI-RAW-2023-09-29_18-25-30.txt" />
    <Text Include="data\backward\OpenBCISession_2023-09-29_17-54-09\OpenBCI-RAW-2023-09-29_18-25-46.txt" />
    <Text Include="data\backward\OpenBCISession_2023-09-29_17-54-09\OpenBCI-RAW-2023-09-29_18-26-03.txt" />
    <Text Include="data\backward\OpenBCISession_2023-09-29_17-54-09\OpenBCI-RAW-2023-09-29_18-26-19.txt" />
    <Text Include="data\backward\OpenBCISession_2023-09-29_18-51-38\OpenBCI-RAW-2023-09-29_19-08-36.txt" />
    <Text Include="data\backward\OpenBCISession_2023-09-29_18-51-38\OpenBCI-RAW-2023-09-29_19-08-52.txt" />
    <Text Include="data\backward\OpenBCISession_2023-09-29_18-51-38\OpenBCI-RAW-2023-09-29_19-09-08.txt" />
    <Text Include="data\backward\OpenBCISession_2023-09-29_18-51-38\OpenBCI-RAW-2023-09-29_19-09-25.txt" />
    <Text Include="data\backward\OpenBCISession_2023-09-29_18-51-38\OpenBCI-RAW-2023-09-29_19-09-41.txt" />
    <Text Include="data\backward\OpenBCISession_2023-09-29_18-51-38\OpenBCI-RAW-2023-09-29_19-09-58.txt" />
    <Text Include="data\backward\OpenBCISession_2023-09-29_18-51-38\OpenBCI-RAW-2023-09-29_19-10-14.txt" />
    <Text Include="data\backward\OpenBCISession_2023-09-29_18-51-38\OpenBCI-RAW-2023-09-29_19-10-31.txt" />
    <Text Include="data\backward\OpenBCISession_2023-09-29_18-51-38\OpenBCI-RAW-2023-09-29_19-10-48.txt" />
    <Text Include="data\backward\OpenBCISession_2023-09-29_18-51-38\OpenBCI-RAW-2023-09-29_19-11-04.txt" />
    <Text Include="data\forward\OpenBCISession_2023-09-22_14-09-26e\OpenBCI-RAW-2023-09-22_16-58-33.txt" />
    <Text Include="data\forward\OpenBCISession_2023-09-22_14-09-26e\OpenBCI-RAW-2023-09-22_16-58-49.txt" />
    <Text Include="data\forward\OpenBCISession_2023-09-22_14-09-26e\OpenBCI-RAW-2023-09-22_16-59-04.txt" />
    <Text Include="data\forward\OpenBCISession_2023-09-22_14-09-26e\OpenBCI-RAW-2023-09-22_16-59-20.txt" />
    <Text Include="data\forward\OpenBCISession_2023-09-22_14-09-26e\OpenBCI-RAW-2023-09-22_16-59-35.txt" />
    <Text Include="data\forward\OpenBCISession_2023-09-22_14-09-26e\OpenBCI-RAW-2023-09-22_16-59-51.txt" />
    <Text Include="data\forward\OpenBCISession_2023-09-22_14-09-26e\OpenBCI-RAW-2023-09-22_17-00-07.txt" />
    <Text Include="data\forward\OpenBCISession_2023-09-22_14-09-26e\OpenBCI-RAW-2023-09-22_17-00-23.txt" />
    <Text Include="data\forward\OpenBCISession_2023-09-22_14-09-26e\OpenBCI-RAW-2023-09-22_17-00-38.txt" />
    <Text Include="data\forward\OpenBCISession_2023-09-22_14-09-26e\OpenBCI-RAW-2023-09-22_17-00-54.txt" />
    <Text Include="data\forward\OpenBCISession_2023-09-22_14-09-26f\OpenBCI-RAW-2023-09-22_17-28-03.txt" />
    <Text Include="data\forward\OpenBCISession_2023-09-22_14-09-26f\OpenBCI-RAW-2023-09-22_17-37-24.txt" />
    <Text Include="data\forward\OpenBCISession_2023-09-22_14-09-26f\OpenBCI-RAW-2023-09-22_17-37-40.txt" />
    <Text Include="data\forward\OpenBCISession_2023-09-22_14-09-26f\OpenBCI-RAW-2023-09-22_17-37-55.txt" />
    <Text Include="data\forward\OpenBCISession_2023-09-22_14-09-26f\OpenBCI-RAW-2023-09-22_17-38-11.txt" />
    <Text Include="data\forward\OpenBCISession_2023-09-22_14-09-26f\OpenBCI-RAW-2023-09-22_17-38-26.txt" />
    <Text Include="data\forward\OpenBCISession_2023-09-22_14-09-26f\OpenBCI-RAW-2023-09-22_17-38-43.txt" />
    <Text Include="data\forward\OpenBCISession_2023-09-22_14-09-26f\OpenBCI-RAW-2023-09-22_17-38-58.txt" />
    <Text Include="data\forward\OpenBCISession_2023-09-22_14-09-26f\OpenBCI-RAW-2023-09-22_17-39-14.txt" />
    <Text Include="data\forward\OpenBCISession_2023-09-22_14-09-26f\OpenBCI-RAW-2023-09-22_17-39-29.txt" />
    <Text Include="data\forward\OpenBCISession_2023-09-25_15-34-05\OpenBCI-RAW-2023-09-25_15-52-07.txt" />
    <Text Include="data\forward\OpenBCISession_2023-09-25_15-34-05\OpenBCI-RAW-2023-09-25_15-52-22.txt" />
    <Text Include="data\forward\OpenBCISession_2023-09-25_15-34-05\OpenBCI-RAW-2023-09-25_15-52-37.txt" />
    <Text Include="data\forward\OpenBCISession_2023-09-25_15-34-05\OpenBCI-RAW-2023-09-25_15-52-52.txt" />
    <Text Include="data\forward\OpenBCISession_2023-09-25_15-34-05\OpenBCI-RAW-2023-09-25_15-53-07.txt" />
    <Text Include="data\forward\OpenBCISession_2023-09-25_15-34-05\OpenBCI-RAW-2023-09-25_15-53-22.txt" />
    <Text Include="data\forward\OpenBCISession_2023-09-25_15-34-05\OpenBCI-RAW-2023-09-25_15-53-37.txt" />
    <Text Include="data\forward\OpenBCISession_2023-09-25_15-34-05\OpenBCI-RAW-2023-09-25_15-53-52.txt" />
    <Text Include="data\forward\OpenBCISession_2023-09-25_15-34-05\OpenBCI-RAW-2023-09-25_15-54-08.txt" />
    <Text Include="data\forward\OpenBCISession_2023-09-25_15-34-05\OpenBCI-RAW-2023-09-25_15-54-23.txt" />
    <Text Include="data\land\OpenBCISession_2023-09-21_14-37-12\OpenBCI-RAW-2023-09-21_15-20-25.txt" />
    <Text Include="data\land\OpenBCISession_2023-09-21_14-37-12\OpenBCI-RAW-2023-09-21_15-20-46.txt" />
    <Text Include="data\land\OpenBCISession_2023-09-21_14-37-12\OpenBCI-RAW-2023-09-21_15-21-02.txt" />
    <Text Include="data\land\OpenBCISession_2023-09-21_14-37-12\OpenBCI-RAW-2023-09-21_15-21-26.txt" />
    <Text Include="data\land\OpenBCISession_2023-09-21_14-37-12\OpenBCI-RAW-2023-09-21_15-21-43.txt" />
    <Text Include="data\land\OpenBCISession_2023-09-21_14-37-12\OpenBCI-RAW-2023-09-21_15-21-59.txt" />
    <Text Include="data\land\OpenBCISession_2023-09-21_14-37-12\OpenBCI-RAW-2023-09-21_15-22-15.txt" />
    <Text Include="data\land\OpenBCISession_2023-09-21_14-37-12\OpenBCI-RAW-2023-09-21_15-22-32.txt" />
    <Text Include="data\land\OpenBCISession_2023-09-21_14-37-12\OpenBCI-RAW-2023-09-21_15-22-48.txt" />
    <Text Include="data\land\OpenBCISession_2023-09-21_14-37-12\OpenBCI-RAW-2023-09-21_15-23-04.txt" />
    <Text Include="data\land\OpenBCISession_2023-09-21_16-34-15\OpenBCI-RAW-2023-09-21_16-58-42.txt" />
    <Text Include="data\land\OpenBCISession_2023-09-21_16-34-15\OpenBCI-RAW-2023-09-21_16-59-03.txt" />
    <Text Include="data\land\OpenBCISession_2023-09-21_16-34-15\OpenBCI-RAW-2023-09-21_16-59-21.txt" />
    <Text Include="data\land\OpenBCISession_2023-09-21_16-34-15\OpenBCI-RAW-2023-09-21_16-59-36.txt" />
    <Text Include="data\land\OpenBCISession_2023-09-21_16-34-15\OpenBCI-RAW-2023-09-21_16-59-52.txt" />
    <Text Include="data\land\OpenBCISession_2023-09-21_16-34-15\OpenBCI-RAW-2023-09-21_17-00-14.txt" />
    <Text Include="data\land\OpenBCISession_2023-09-21_16-34-15\OpenBCI-RAW-2023-09-21_17-00-30.txt" />
    <Text Include="data\land\OpenBCISession_2023-09-21_16-34-15\OpenBCI-RAW-2023-09-21_17-00-47.txt" />
    <Text Include="data\land\OpenBCISession_2023-09-21_16-34-15\OpenBCI-RAW-2023-09-21_17-01-04.txt" />
    <Text Include="data\land\OpenBCISession_2023-09-21_16-34-15\OpenBCI-RAW-2023-09-21_17-01-20.txt" />
    <Text Include="data\land\OpenBCISession_2023-09-21_17-35-18\OpenBCI-RAW-2023-09-21_17-47-03.txt" />
    <Text Include="data\land\OpenBCISession_2023-09-21_17-35-18\OpenBCI-RAW-2023-09-21_17-47-21.txt" />
    <Text Include="data\land\OpenBCISession_2023-09-21_17-35-18\OpenBCI-RAW-2023-09-21_17-47-37.txt" />
    <Text Include="data\land\OpenBCISession_2023-09-21_17-35-18\OpenBCI-RAW-2023-09-21_17-47-52.txt" />
    <Text Include="data\land\OpenBCISession_2023-09-21_17-35-18\OpenBCI-RAW-2023-09-21_17-48-08.txt" />
    <Text Include="data\land\OpenBCISession_2023-09-21_17-35-18\OpenBCI-RAW-2023-09-21_17-48-23.txt" />
    <Text Include="data\land\OpenBCISession_2023-09-21_17-35-18\OpenBCI-RAW-2023-09-21_17-48-39.txt" />
    <Text Include="data\land\OpenBCISession_2023-09-21_17-35-18\OpenBCI-RAW-2023-09-21_17-48-55.txt" />
    <Text Include="data\land\OpenBCISession_2023-09-21_17-35-18\OpenBCI-RAW-2023-09-21_17-49-10.txt" />
    <Text Include="data\land\OpenBCISession_2023-09-21_17-35-18\OpenBCI-RAW-2023-09-21_17-49-26.txt" />
    <Text Include="data\land\OpenBCISession_2023-09-21_17-35-18\OpenBCI-RAW-2023-09-21_18-10-46.txt" />
    <Text Include="data\land\OpenBCISession_2023-09-21_17-35-18\OpenBCI-RAW-2023-09-21_18-11-03.txt" />
    <Text Include="data\land\OpenBCISession_2023-09-21_17-35-18\OpenBCI-RAW-2023-09-21_18-11-20.txt" />
    <Text Include="data\land\OpenBCISession_2023-09-21_17-35-18\OpenBCI-RAW-2023-09-21_18-11-35.txt" />
    <Text Include="data\land\OpenBCISession_2023-09-21_17-35-18\OpenBCI-RAW-2023-09-21_18-11-51.txt" />
    <Text Include="data\land\OpenBCISession_2023-09-21_17-35-18\OpenBCI-RAW-2023-09-21_18-12-07.txt" />
    <Text Include="data\land\OpenBCISession_2023-09-21_17-35-18\OpenBCI-RAW-2023-09-21_18-12-23.txt" />
    <Text Include="data\land\OpenBCISession_2023-09-21_17-35-18\OpenBCI-RAW-2023-09-21_18-12-39.txt" />
    <Text Include="data\land\OpenBCISession_2023-09-21_17-35-18\OpenBCI-RAW-2023-09-21_18-12-54.txt" />
    <Text Include="data\land\OpenBCISession_2023-09-21_17-35-18\OpenBCI-RAW-2023-09-21_18-13-10.txt" />
    <Text Include="data\left\OpenBCISession_2023-09-26_17-01-27\OpenBCI-RAW-2023-09-26_17-20-54.txt" />
    <Text Include="data\left\OpenBCISession_2023-09-26_17-01-27\OpenBCI-RAW-2023-09-26_17-21-11.txt" />
    <Text Include="data\left\OpenBCISession_2023-09-26_17-01-27\OpenBCI-RAW-2023-09-26_17-21-27.txt" />
    <Text Include="data\left\OpenBCISession_2023-09-26_17-01-27\OpenBCI-RAW-2023-09-26_17-21-42.txt" />
    <Text Include="data\left\OpenBCISession_2023-09-26_17-01-27\OpenBCI-RAW-2023-09-26_17-21-58.txt" />
    <Text Include="data\left\OpenBCISession_2023-09-26_17-01-27\OpenBCI-RAW-2023-09-26_17-22-14.txt" />
    <Text Include="data\left\OpenBCISession_2023-09-26_17-01-27\OpenBCI-RAW-2023-09-26_17-22-29.txt" />
    <Text Include="data\left\OpenBCISession_2023-09-26_17-01-27\OpenBCI-RAW-2023-09-26_17-22-45.txt" />
    <Text Include="data\left\OpenBCISession_2023-09-26_17-01-27\OpenBCI-RAW-2023-09-26_17-23-00.txt" />
    <Text Include="data\left\OpenBCISession_2023-09-26_17-01-27\OpenBCI-RAW-2023-09-26_17-23-17.txt" />
    <Text Include="data\left\OpenBCISession_2023-09-26_18-02-09\OpenBCI-RAW-2023-09-26_18-28-54.txt" />
    <Text Include="data\left\OpenBCISession_2023-09-26_18-02-09\OpenBCI-RAW-2023-09-26_18-29-11.txt" />
    <Text Include="data\left\OpenBCISession_2023-09-26_18-02-09\OpenBCI-RAW-2023-09-26_18-29-27.txt" />
    <Text Include="data\left\OpenBCISession_2023-09-26_18-02-09\OpenBCI-RAW-2023-09-26_18-29-43.txt" />
    <Text Include="data\left\OpenBCISession_2023-09-26_18-02-09\OpenBCI-RAW-2023-09-26_18-29-59.txt" />
    <Text Include="data\left\OpenBCISession_2023-09-26_18-02-09\OpenBCI-RAW-2023-09-26_18-30-15.txt" />
    <Text Include="data\left\OpenBCISession_2023-09-26_18-02-09\OpenBCI-RAW-2023-09-26_18-30-31.txt" />
    <Text Include="data\left\OpenBCISession_2023-09-26_18-02-09\OpenBCI-RAW-2023-09-26_18-30-47.txt" />
    <Text Include="data\left\OpenBCISession_2023-09-26_18-02-09\OpenBCI-RAW-2023-09-26_18-31-03.txt" />
    <Text Include="data\left\OpenBCISession_2023-09-26_18-02-09\OpenBCI-RAW-2023-09-26_18-31-19.txt" />
    <Text Include="data\left\OpenBCISession_2023-09-28_14-16-06\OpenBCI-RAW-2023-09-28_14-32-57.txt" />
    <Text Include="data\left\OpenBCISession_2023-09-28_14-16-06\OpenBCI-RAW-2023-09-28_14-33-13.txt" />
    <Text Include="data\left\OpenBCISession_2023-09-28_14-16-06\OpenBCI-RAW-2023-09-28_14-33-30.txt" />
    <Text Include="data\left\OpenBCISession_2023-09-28_14-16-06\OpenBCI-RAW-2023-09-28_14-33-46.txt" />
    <Text Include="data\left\OpenBCISession_2023-09-28_14-16-06\OpenBCI-RAW-2023-09-28_14-34-02.txt" />
    <Text Include="data\left\OpenBCISession_2023-09-28_14-16-06\OpenBCI-RAW-2023-09-28_14-34-19.txt" />
    <Text Include="data\left\OpenBCISession_2023-09-28_14-16-06\OpenBCI-RAW-2023-09-28_14-34-36.txt" />
    <Text Include="data\left\OpenBCISession_2023-09-28_14-16-06\OpenBCI-RAW-2023-09-28_14-34-53.txt" />
    <Text Include="data\left\OpenBCISession_2023-09-28_14-16-06\OpenBCI-RAW-2023-09-28_14-35-09.txt" />
    <Text Include="data\left\OpenBCISession_2023-09-28_14-16-06\OpenBCI-RAW-2023-09-28_14-35-40.txt" />
    <Text Include="data\right\OpenBCISession_2023-09-26_13-40-00\OpenBCI-RAW-2023-09-26_13-54-01.txt" />
    <Text Include="data\right\OpenBCISession_2023-09-26_13-40-00\OpenBCI-RAW-2023-09-26_13-54-17.txt" />
    <Text Include="data\right\OpenBCISession_2023-09-26_13-40-00\OpenBCI-RAW-2023-09-26_13-54-33.txt" />
    <Text Include="data\right\OpenBCISession_2023-09-26_13-40-00\OpenBCI-RAW-2023-09-26_13-54-48.txt" />
    <Text Include="data\right\OpenBCISession_2023-09-26_13-40-00\OpenBCI-RAW-2023-09-26_13-55-04.txt" />
    <Text Include="data\right\OpenBCISession_2023-09-26_13-40-00\OpenBCI-RAW-2023-09-26_13-55-20.txt" />
    <Text Include="data\right\OpenBCISession_2023-09-26_13-40-00\OpenBCI-RAW-2023-09-26_13-55-35.txt" />
    <Text Include="data\right\OpenBCISession_2023-09-26_13-40-00\OpenBCI-RAW-2023-09-26_13-55-51.txt" />
    <Text Include="data\right\OpenBCISession_2023-09-26_13-40-00\OpenBCI-RAW-2023-09-26_13-56-07.txt" />
    <Text Include="data\right\OpenBCISession_2023-09-26_13-40-00\OpenBCI-RAW-2023-09-26_13-56-22.txt" />
    <Text Include="data\right\OpenBCISession_2023-09-26_13-40-00\OpenBCI-RAW-2023-09-26_14-21-01.txt" />
    <Text Include="data\right\OpenBCISession_2023-09-26_13-40-00\OpenBCI-RAW-2023-09-26_14-21-17.txt" />
    <Text Include="data\right\OpenBCISession_2023-09-26_13-40-00\OpenBCI-RAW-2023-09-26_14-21-33.txt" />
    <Text Include="data\right\OpenBCISession_2023-09-26_13-40-00\OpenBCI-RAW-2023-09-26_14-21-49.txt" />
    <Text Include="data\right\OpenBCISession_2023-09-26_13-40-00\OpenBCI-RAW-2023-09-26_14-22-05.txt" />
    <Text Include="data\right\OpenBCISession_2023-09-26_13-40-00\OpenBCI-RAW-2023-09-26_14-22-21.txt" />
    <Text Include="data\right\OpenBCISession_2023-09-26_13-40-00\OpenBCI-RAW-2023-09-26_14-22-37.txt" />
    <Text Include="data\right\OpenBCISession_2023-09-26_13-40-00\OpenBCI-RAW-2023-09-26_14-22-53.txt" />
    <Text Include="data\right\OpenBCISession_2023-09-26_13-40-00\OpenBCI-RAW-2023-09-26_14-23-09.txt" />
    <Text Include="data\right\OpenBCISession_2023-09-26_13-40-00\OpenBCI-RAW-2023-09-26_14-23-26.txt" />
    <Text Include="data\right\OpenBCISession_2023-09-26_13-40-00i\OpenBCI-RAW-2023-09-26_15-08-24.txt" />
    <Text Include="data\right\OpenBCISession_2023-09-26_13-40-00i\OpenBCI-RAW-2023-09-26_15-08-39.txt" />
    <Text Include="data\right\OpenBCISession_2023-09-26_13-40-00i\OpenBCI-RAW-2023-09-26_15-08-55.txt" />
    <Text Include="data\right\OpenBCISession_2023-09-26_13-40-00i\OpenBCI-RAW-2023-09-26_15-09-10.txt" />
    <Text Include="data\right\OpenBCISession_2023-09-26_13-40-00i\OpenBCI-RAW-2023-09-26_15-09-26.txt" />
    <Text Include="data\right\OpenBCISession_2023-09-26_13-40-00i\OpenBCI-RAW-2023-09-26_15-09-42.txt" />
    <Text Include="data\right\OpenBCISession_2023-09-26_13-40-00i\OpenBCI-RAW-2023-09-26_15-09-57.txt" />
    <Text Include="data\right\OpenBCISession_2023-09-26_13-40-00i\OpenBCI-RAW-2023-09-26_15-10-13.txt" />
    <Text Include="data\right\OpenBCISession_2023-09-26_13-40-00i\OpenBCI-RAW-2023-09-26_15-10-29.txt" />
    <Text Include="data\right\OpenBCISession_2023-09-26_13-40-00i\OpenBCI-RAW-2023-09-26_15-10-45.txt" />
    <Text Include="data\right\OpenBCISession_2023-09-26_13-40-00j\OpenBCI-RAW-2023-09-26_15-41-30.txt" />
    <Text Include="data\right\OpenBCISession_2023-09-26_13-40-00j\OpenBCI-RAW-2023-09-26_15-41-46.txt" />
    <Text Include="data\right\OpenBCISession_2023-09-26_13-40-00j\OpenBCI-RAW-2023-09-26_15-42-02.txt" />
    <Text Include="data\right\OpenBCISession_2023-09-26_13-40-00j\OpenBCI-RAW-2023-09-26_15-42-18.txt" />
    <Text Include="data\right\OpenBCISession_2023-09-26_13-40-00j\OpenBCI-RAW-2023-09-26_15-42-34.txt" />
    <Text Include="data\right\OpenBCISession_2023-09-26_13-40-00j\OpenBCI-RAW-2023-09-26_15-42-50.txt" />
    <Text Include="data\right\OpenBCISession_2023-09-26_13-40-00j\OpenBCI-RAW-2023-09-26_15-43-05.txt" />
    <Text Include="data\right\OpenBCISession_2023-09-26_13-40-00j\OpenBCI-RAW-2023-09-26_15-43-21.txt" />
    <Text Include="data\right\OpenBCISession_2023-09-26_13-40-00j\OpenBCI-RAW-2023-09-26_15-43-37.txt" />
    <Text Include="data\right\OpenBCISession_2023-09-26_13-40-00j\OpenBCI-RAW-2023-09-26_15-43-52.txt" />
    <Text Include="data\takeoff\OpenBCISession_2023-09-22_14-09-26c\OpenBCI-RAW-2023-09-22_15-49-53.txt" />
    <Text Include="data\takeoff\OpenBCISession_2023-09-22_14-09-26c\OpenBCI-RAW-2023-09-22_15-50-12.txt" />
    <Text Include="data\takeoff\OpenBCISession_2023-09-22_14-09-26c\OpenBCI-RAW-2023-09-22_15-50-29.txt" />
    <Text Include="data\takeoff\OpenBCISession_2023-09-22_14-09-26c\OpenBCI-RAW-2023-09-22_15-51-01.txt" />
    <Text Include="data\takeoff\OpenBCISession_2023-09-22_14-09-26c\OpenBCI-RAW-2023-09-22_15-51-17.txt" />
    <Text Include="data\takeoff\OpenBCISession_2023-09-22_14-09-26c\OpenBCI-RAW-2023-09-22_15-51-33.txt" />
    <Text Include="data\takeoff\OpenBCISession_2023-09-22_14-09-26c\OpenBCI-RAW-2023-09-22_15-51-49.txt" />
    <Text Include="data\takeoff\OpenBCISession_2023-09-22_14-09-26c\OpenBCI-RAW-2023-09-22_15-52-05.txt" />
    <Text Include="data\takeoff\OpenBCISession_2023-09-22_14-09-26c\OpenBCI-RAW-2023-09-22_15-52-21.txt" />
    <Text Include="data\takeoff\OpenBCISession_2023-09-22_14-09-26c\OpenBCI-RAW-2023-09-22_15-52-36.txt" />
    <Text Include="data\takeoff\OpenBCISession_2023-09-22_14-09-26c\OpenBCI-RAW-2023-09-22_15-52-52.txt" />
    <Text Include="data\takeoff\OpenBCISession_2023-09-22_14-09-26d\OpenBCI-RAW-2023-09-22_16-26-00.txt" />
    <Text Include="data\takeoff\OpenBCISession_2023-09-22_14-09-26d\OpenBCI-RAW-2023-09-22_16-26-38.txt" />
    <Text Include="data\takeoff\OpenBCISession_2023-09-22_14-09-26d\OpenBCI-RAW-2023-09-22_16-27-09.txt" />
    <Text Include="data\takeoff\OpenBCISession_2023-09-22_14-09-26d\OpenBCI-RAW-2023-09-22_16-27-40.txt" />
    <Text Include="data\takeoff\OpenBCISession_2023-09-22_14-09-26d\OpenBCI-RAW-2023-09-22_16-27-56.txt" />
    <Text Include="data\takeoff\OpenBCISession_2023-09-22_14-09-26d\OpenBCI-RAW-2023-09-22_16-28-12.txt" />
    <Text Include="data\takeoff\OpenBCISession_2023-09-22_14-09-26d\OpenBCI-RAW-2023-09-22_16-28-27.txt" />
    <Text Include="data\takeoff\OpenBCISession_2023-09-22_14-09-26d\OpenBCI-RAW-2023-09-22_16-28-43.txt" />
    <Text Include="data\takeoff\OpenBCISession_2023-09-22_14-09-26d\OpenBCI-RAW-2023-09-22_16-28-59.txt" />
    <Text Include="data\takeoff\OpenBCISession_2023-09-22_14-09-26d\OpenBCI-RAW-2023-09-22_16-29-15.txt" />
    <Text Include="data\takeoff\OpenBCISession_2023-09-22_14-09-26e\OpenBCI-RAW-2023-09-22_16-55-06.txt" />
    <Text Include="data\takeoff\OpenBCISession_2023-09-22_14-09-26e\OpenBCI-RAW-2023-09-22_16-55-22.txt" />
    <Text Include="data\takeoff\OpenBCISession_2023-09-22_14-09-26e\OpenBCI-RAW-2023-09-22_16-55-37.txt" />
    <Text Include="data\takeoff\OpenBCISession_2023-09-22_14-09-26e\OpenBCI-RAW-2023-09-22_16-55-53.txt" />
    <Text Include="data\takeoff\OpenBCISession_2023-09-22_14-09-26e\OpenBCI-RAW-2023-09-22_16-56-09.txt" />
    <Text Include="data\takeoff\OpenBCISession_2023-09-22_14-09-26e\OpenBCI-RAW-2023-09-22_16-56-24.txt" />
    <Text Include="data\takeoff\OpenBCISession_2023-09-22_14-09-26e\OpenBCI-RAW-2023-09-22_16-56-40.txt" />
    <Text Include="data\takeoff\OpenBCISession_2023-09-22_14-09-26e\OpenBCI-RAW-2023-09-22_16-56-55.txt" />
    <Text Include="data\takeoff\OpenBCISession_2023-09-22_14-09-26e\OpenBCI-RAW-2023-09-22_16-57-11.txt" />
  </ItemGroup>
</Project>